
Microsoft Visual Studio Solution File, Format Version 12.00
# Visual Studio 15
VisualStudioVersion = 15.0.26124.0
MinimumVisualStudioVersion = 15.0.26124.0
Project("{FAE04EC0-301F-11D3-BF4B-00C04F79EFBC}") = "Domain", "Domain\Domain.csproj", "{EAFFAE2F-8E93-4391-939B-BA2648DF9A3E}"
EndProject
Project("{FAE04EC0-301F-11D3-BF4B-00C04F79EFBC}") = "Application", "Application\Application.csproj", "{3F0710F3-14AC-4626-AADB-EA73884C6DD0}"
EndProject
Project("{FAE04EC0-301F-11D3-BF4B-00C04F79EFBC}") = "Persistence", "Persistence\Persistence.csproj", "{5308136A-79FA-4302-B853-5EAB032105F6}"
EndProject
Project("{FAE04EC0-301F-11D3-BF4B-00C04F79EFBC}") = "API", "API\API.csproj", "{13CE4020-0FC6-4EC2-8D98-8277FE1AF4C5}"
EndProject
Project("{FAE04EC0-301F-11D3-BF4B-00C04F79EFBC}") = "Infrastructure", "Infrastructure\Infrastructure.csproj", "{4BF11D4C-42CB-45B3-B579-49EF1B1DA69D}"
EndProject
Global
	GlobalSection(SolutionConfigurationPlatforms) = preSolution
		Debug|Any CPU = Debug|Any CPU
		Debug|x64 = Debug|x64
		Debug|x86 = Debug|x86
		Release|Any CPU = Release|Any CPU
		Release|x64 = Release|x64
		Release|x86 = Release|x86
	EndGlobalSection
	GlobalSection(SolutionProperties) = preSolution
		HideSolutionNode = FALSE
	EndGlobalSection
	GlobalSection(ProjectConfigurationPlatforms) = postSolution
		{EAFFAE2F-8E93-4391-939B-BA2648DF9A3E}.Debug|Any CPU.ActiveCfg = Debug|Any CPU
		{EAFFAE2F-8E93-4391-939B-BA2648DF9A3E}.Debug|Any CPU.Build.0 = Debug|Any CPU
		{EAFFAE2F-8E93-4391-939B-BA2648DF9A3E}.Debug|x64.ActiveCfg = Debug|Any CPU
		{EAFFAE2F-8E93-4391-939B-BA2648DF9A3E}.Debug|x64.Build.0 = Debug|Any CPU
		{EAFFAE2F-8E93-4391-939B-BA2648DF9A3E}.Debug|x86.ActiveCfg = Debug|Any CPU
		{EAFFAE2F-8E93-4391-939B-BA2648DF9A3E}.Debug|x86.Build.0 = Debug|Any CPU
		{EAFFAE2F-8E93-4391-939B-BA2648DF9A3E}.Release|Any CPU.ActiveCfg = Release|Any CPU
		{EAFFAE2F-8E93-4391-939B-BA2648DF9A3E}.Release|Any CPU.Build.0 = Release|Any CPU
		{EAFFAE2F-8E93-4391-939B-BA2648DF9A3E}.Release|x64.ActiveCfg = Release|Any CPU
		{EAFFAE2F-8E93-4391-939B-BA2648DF9A3E}.Release|x64.Build.0 = Release|Any CPU
		{EAFFAE2F-8E93-4391-939B-BA2648DF9A3E}.Release|x86.ActiveCfg = Release|Any CPU
		{EAFFAE2F-8E93-4391-939B-BA2648DF9A3E}.Release|x86.Build.0 = Release|Any CPU
		{3F0710F3-14AC-4626-AADB-EA73884C6DD0}.Debug|Any CPU.ActiveCfg = Debug|Any CPU
		{3F0710F3-14AC-4626-AADB-EA73884C6DD0}.Debug|Any CPU.Build.0 = Debug|Any CPU
		{3F0710F3-14AC-4626-AADB-EA73884C6DD0}.Debug|x64.ActiveCfg = Debug|Any CPU
		{3F0710F3-14AC-4626-AADB-EA73884C6DD0}.Debug|x64.Build.0 = Debug|Any CPU
		{3F0710F3-14AC-4626-AADB-EA73884C6DD0}.Debug|x86.ActiveCfg = Debug|Any CPU
		{3F0710F3-14AC-4626-AADB-EA73884C6DD0}.Debug|x86.Build.0 = Debug|Any CPU
		{3F0710F3-14AC-4626-AADB-EA73884C6DD0}.Release|Any CPU.ActiveCfg = Release|Any CPU
		{3F0710F3-14AC-4626-AADB-EA73884C6DD0}.Release|Any CPU.Build.0 = Release|Any CPU
		{3F0710F3-14AC-4626-AADB-EA73884C6DD0}.Release|x64.ActiveCfg = Release|Any CPU
		{3F0710F3-14AC-4626-AADB-EA73884C6DD0}.Release|x64.Build.0 = Release|Any CPU
		{3F0710F3-14AC-4626-AADB-EA73884C6DD0}.Release|x86.ActiveCfg = Release|Any CPU
		{3F0710F3-14AC-4626-AADB-EA73884C6DD0}.Release|x86.Build.0 = Release|Any CPU
		{5308136A-79FA-4302-B853-5EAB032105F6}.Debug|Any CPU.ActiveCfg = Debug|Any CPU
		{5308136A-79FA-4302-B853-5EAB032105F6}.Debug|Any CPU.Build.0 = Debug|Any CPU
		{5308136A-79FA-4302-B853-5EAB032105F6}.Debug|x64.ActiveCfg = Debug|Any CPU
		{5308136A-79FA-4302-B853-5EAB032105F6}.Debug|x64.Build.0 = Debug|Any CPU
		{5308136A-79FA-4302-B853-5EAB032105F6}.Debug|x86.ActiveCfg = Debug|Any CPU
		{5308136A-79FA-4302-B853-5EAB032105F6}.Debug|x86.Build.0 = Debug|Any CPU
		{5308136A-79FA-4302-B853-5EAB032105F6}.Release|Any CPU.ActiveCfg = Release|Any CPU
		{5308136A-79FA-4302-B853-5EAB032105F6}.Release|Any CPU.Build.0 = Release|Any CPU
		{5308136A-79FA-4302-B853-5EAB032105F6}.Release|x64.ActiveCfg = Release|Any CPU
		{5308136A-79FA-4302-B853-5EAB032105F6}.Release|x64.Build.0 = Release|Any CPU
		{5308136A-79FA-4302-B853-5EAB032105F6}.Release|x86.ActiveCfg = Release|Any CPU
		{5308136A-79FA-4302-B853-5EAB032105F6}.Release|x86.Build.0 = Release|Any CPU
		{13CE4020-0FC6-4EC2-8D98-8277FE1AF4C5}.Debug|Any CPU.ActiveCfg = Debug|Any CPU
		{13CE4020-0FC6-4EC2-8D98-8277FE1AF4C5}.Debug|Any CPU.Build.0 = Debug|Any CPU
		{13CE4020-0FC6-4EC2-8D98-8277FE1AF4C5}.Debug|x64.ActiveCfg = Debug|Any CPU
		{13CE4020-0FC6-4EC2-8D98-8277FE1AF4C5}.Debug|x64.Build.0 = Debug|Any CPU
		{13CE4020-0FC6-4EC2-8D98-8277FE1AF4C5}.Debug|x86.ActiveCfg = Debug|Any CPU
		{13CE4020-0FC6-4EC2-8D98-8277FE1AF4C5}.Debug|x86.Build.0 = Debug|Any CPU
		{13CE4020-0FC6-4EC2-8D98-8277FE1AF4C5}.Release|Any CPU.ActiveCfg = Release|Any CPU
		{13CE4020-0FC6-4EC2-8D98-8277FE1AF4C5}.Release|Any CPU.Build.0 = Release|Any CPU
		{13CE4020-0FC6-4EC2-8D98-8277FE1AF4C5}.Release|x64.ActiveCfg = Release|Any CPU
		{13CE4020-0FC6-4EC2-8D98-8277FE1AF4C5}.Release|x64.Build.0 = Release|Any CPU
		{13CE4020-0FC6-4EC2-8D98-8277FE1AF4C5}.Release|x86.ActiveCfg = Release|Any CPU
		{13CE4020-0FC6-4EC2-8D98-8277FE1AF4C5}.Release|x86.Build.0 = Release|Any CPU
		{4BF11D4C-42CB-45B3-B579-49EF1B1DA69D}.Debug|Any CPU.ActiveCfg = Debug|Any CPU
		{4BF11D4C-42CB-45B3-B579-49EF1B1DA69D}.Debug|Any CPU.Build.0 = Debug|Any CPU
		{4BF11D4C-42CB-45B3-B579-49EF1B1DA69D}.Debug|x64.ActiveCfg = Debug|Any CPU
		{4BF11D4C-42CB-45B3-B579-49EF1B1DA69D}.Debug|x64.Build.0 = Debug|Any CPU
		{4BF11D4C-42CB-45B3-B579-49EF1B1DA69D}.Debug|x86.ActiveCfg = Debug|Any CPU
		{4BF11D4C-42CB-45B3-B579-49EF1B1DA69D}.Debug|x86.Build.0 = Debug|Any CPU
		{4BF11D4C-42CB-45B3-B579-49EF1B1DA69D}.Release|Any CPU.ActiveCfg = Release|Any CPU
		{4BF11D4C-42CB-45B3-B579-49EF1B1DA69D}.Release|Any CPU.Build.0 = Release|Any CPU
		{4BF11D4C-42CB-45B3-B579-49EF1B1DA69D}.Release|x64.ActiveCfg = Release|Any CPU
		{4BF11D4C-42CB-45B3-B579-49EF1B1DA69D}.Release|x64.Build.0 = Release|Any CPU
		{4BF11D4C-42CB-45B3-B579-49EF1B1DA69D}.Release|x86.ActiveCfg = Release|Any CPU
		{4BF11D4C-42CB-45B3-B579-49EF1B1DA69D}.Release|x86.Build.0 = Release|Any CPU
	EndGlobalSection
EndGlobal
